// !$*UTF8*$!
{
	archiveVersion = 1;
	classes = {
	};
	objectVersion = 50;
	objects = {

/* Begin PBXBuildFile section */
		2E0107A522499A52004870F7 /* AppDelegate.swift in Sources */ = {isa = PBXBuildFile; fileRef = 2E0107A422499A52004870F7 /* AppDelegate.swift */; };
		2E0107A722499A52004870F7 /* ViewController.swift in Sources */ = {isa = PBXBuildFile; fileRef = 2E0107A622499A52004870F7 /* ViewController.swift */; };
		2E0107AA22499A52004870F7 /* Main.storyboard in Resources */ = {isa = PBXBuildFile; fileRef = 2E0107A822499A52004870F7 /* Main.storyboard */; };
		2E0107AC22499A54004870F7 /* Assets.xcassets in Resources */ = {isa = PBXBuildFile; fileRef = 2E0107AB22499A54004870F7 /* Assets.xcassets */; };
		2E0107AF22499A54004870F7 /* LaunchScreen.storyboard in Resources */ = {isa = PBXBuildFile; fileRef = 2E0107AD22499A54004870F7 /* LaunchScreen.storyboard */; };
		2E0107BA22499A54004870F7 /* SimpleQuizAppTests.swift in Sources */ = {isa = PBXBuildFile; fileRef = 2E0107B922499A54004870F7 /* SimpleQuizAppTests.swift */; };
		2E0107C522499A54004870F7 /* SimpleQuizAppUITests.swift in Sources */ = {isa = PBXBuildFile; fileRef = 2E0107C422499A54004870F7 /* SimpleQuizAppUITests.swift */; };
		2EA69DD0224DC4B200F5357C /* TwoViewController.swift in Sources */ = {isa = PBXBuildFile; fileRef = 2EA69DCF224DC4B200F5357C /* TwoViewController.swift */; };
/* End PBXBuildFile section */

/* Begin PBXContainerItemProxy section */
		2E0107B622499A54004870F7 /* PBXContainerItemProxy */ = {
			isa = PBXContainerItemProxy;
			containerPortal = 2E01079922499A52004870F7 /* Project object */;
			proxyType = 1;
			remoteGlobalIDString = 2E0107A022499A52004870F7;
			remoteInfo = SimpleQuizApp;
		};
		2E0107C122499A54004870F7 /* PBXContainerItemProxy */ = {
			isa = PBXContainerItemProxy;
			containerPortal = 2E01079922499A52004870F7 /* Project object */;
			proxyType = 1;
			remoteGlobalIDString = 2E0107A022499A52004870F7;
			remoteInfo = SimpleQuizApp;
		};
/* End PBXContainerItemProxy section */

/* Begin PBXFileReference section */
		2E0107A122499A52004870F7 /* SimpleQuizApp.app */ = {isa = PBXFileReference; explicitFileType = wrapper.application; includeInIndex = 0; path = SimpleQuizApp.app; sourceTree = BUILT_PRODUCTS_DIR; };
		2E0107A422499A52004870F7 /* AppDelegate.swift */ = {isa = PBXFileReference; lastKnownFileType = sourcecode.swift; path = AppDelegate.swift; sourceTree = "<group>"; };
		2E0107A622499A52004870F7 /* ViewController.swift */ = {isa = PBXFileReference; lastKnownFileType = sourcecode.swift; path = ViewController.swift; sourceTree = "<group>"; };
		2E0107A922499A52004870F7 /* Base */ = {isa = PBXFileReference; lastKnownFileType = file.storyboard; name = Base; path = Base.lproj/Main.storyboard; sourceTree = "<group>"; };
		2E0107AB22499A54004870F7 /* Assets.xcassets */ = {isa = PBXFileReference; lastKnownFileType = folder.assetcatalog; path = Assets.xcassets; sourceTree = "<group>"; };
		2E0107AE22499A54004870F7 /* Base */ = {isa = PBXFileReference; lastKnownFileType = file.storyboard; name = Base; path = Base.lproj/LaunchScreen.storyboard; sourceTree = "<group>"; };
		2E0107B022499A54004870F7 /* Info.plist */ = {isa = PBXFileReference; lastKnownFileType = text.plist.xml; path = Info.plist; sourceTree = "<group>"; };
		2E0107B522499A54004870F7 /* SimpleQuizAppTests.xctest */ = {isa = PBXFileReference; explicitFileType = wrapper.cfbundle; includeInIndex = 0; path = SimpleQuizAppTests.xctest; sourceTree = BUILT_PRODUCTS_DIR; };
		2E0107B922499A54004870F7 /* SimpleQuizAppTests.swift */ = {isa = PBXFileReference; lastKnownFileType = sourcecode.swift; path = SimpleQuizAppTests.swift; sourceTree = "<group>"; };
		2E0107BB22499A54004870F7 /* Info.plist */ = {isa = PBXFileReference; lastKnownFileType = text.plist.xml; path = Info.plist; sourceTree = "<group>"; };
		2E0107C022499A54004870F7 /* SimpleQuizAppUITests.xctest */ = {isa = PBXFileReference; explicitFileType = wrapper.cfbundle; includeInIndex = 0; path = SimpleQuizAppUITests.xctest; sourceTree = BUILT_PRODUCTS_DIR; };
		2E0107C422499A54004870F7 /* SimpleQuizAppUITests.swift */ = {isa = PBXFileReference; lastKnownFileType = sourcecode.swift; path = SimpleQuizAppUITests.swift; sourceTree = "<group>"; };
		2E0107C622499A54004870F7 /* Info.plist */ = {isa = PBXFileReference; lastKnownFileType = text.plist.xml; path = Info.plist; sourceTree = "<group>"; };
		2EA69DCF224DC4B200F5357C /* TwoViewController.swift */ = {isa = PBXFileReference; lastKnownFileType = sourcecode.swift; path = TwoViewController.swift; sourceTree = "<group>"; };
/* End PBXFileReference section */

/* Begin PBXFrameworksBuildPhase section */
		2E01079E22499A52004870F7 /* Frameworks */ = {
			isa = PBXFrameworksBuildPhase;
			buildActionMask = 2147483647;
			files = (
			);
			runOnlyForDeploymentPostprocessing = 0;
		};
		2E0107B222499A54004870F7 /* Frameworks */ = {
			isa = PBXFrameworksBuildPhase;
			buildActionMask = 2147483647;
			files = (
			);
			runOnlyForDeploymentPostprocessing = 0;
		};
		2E0107BD22499A54004870F7 /* Frameworks */ = {
			isa = PBXFrameworksBuildPhase;
			buildActionMask = 2147483647;
			files = (
			);
			runOnlyForDeploymentPostprocessing = 0;
		};
/* End PBXFrameworksBuildPhase section */

/* Begin PBXGroup section */
		2E01079822499A52004870F7 = {
			isa = PBXGroup;
			children = (
				2E0107A322499A52004870F7 /* SimpleQuizApp */,
				2E0107B822499A54004870F7 /* SimpleQuizAppTests */,
				2E0107C322499A54004870F7 /* SimpleQuizAppUITests */,
				2E0107A222499A52004870F7 /* Products */,
			);
			sourceTree = "<group>";
		};
		2E0107A222499A52004870F7 /* Products */ = {
			isa = PBXGroup;
			children = (
				2E0107A122499A52004870F7 /* SimpleQuizApp.app */,
				2E0107B522499A54004870F7 /* SimpleQuizAppTests.xctest */,
				2E0107C022499A54004870F7 /* SimpleQuizAppUITests.xctest */,
			);
			name = Products;
			sourceTree = "<group>";
		};
		2E0107A322499A52004870F7 /* SimpleQuizApp */ = {
			isa = PBXGroup;
			children = (
				2E0107A422499A52004870F7 /* AppDelegate.swift */,
				2E0107A622499A52004870F7 /* ViewController.swift */,
				2EA69DCF224DC4B200F5357C /* TwoViewController.swift */,
				2E0107A822499A52004870F7 /* Main.storyboard */,
				2E0107AB22499A54004870F7 /* Assets.xcassets */,
				2E0107AD22499A54004870F7 /* LaunchScreen.storyboard */,
				2E0107B022499A54004870F7 /* Info.plist */,
			);
			path = SimpleQuizApp;
			sourceTree = "<group>";
		};
		2E0107B822499A54004870F7 /* SimpleQuizAppTests */ = {
			isa = PBXGroup;
			children = (
				2E0107B922499A54004870F7 /* SimpleQuizAppTests.swift */,
				2E0107BB22499A54004870F7 /* Info.plist */,
			);
			path = SimpleQuizAppTests;
			sourceTree = "<group>";
		};
		2E0107C322499A54004870F7 /* SimpleQuizAppUITests */ = {
			isa = PBXGroup;
			children = (
				2E0107C422499A54004870F7 /* SimpleQuizAppUITests.swift */,
				2E0107C622499A54004870F7 /* Info.plist */,
			);
			path = SimpleQuizAppUITests;
			sourceTree = "<group>";
		};
/* End PBXGroup section */

/* Begin PBXNativeTarget section */
		2E0107A022499A52004870F7 /* SimpleQuizApp */ = {
			isa = PBXNativeTarget;
			buildConfigurationList = 2E0107C922499A54004870F7 /* Build configuration list for PBXNativeTarget "SimpleQuizApp" */;
			buildPhases = (
				2E01079D22499A52004870F7 /* Sources */,
				2E01079E22499A52004870F7 /* Frameworks */,
				2E01079F22499A52004870F7 /* Resources */,
			);
			buildRules = (
			);
			dependencies = (
			);
			name = SimpleQuizApp;
			productName = SimpleQuizApp;
			productReference = 2E0107A122499A52004870F7 /* SimpleQuizApp.app */;
			productType = "com.apple.product-type.application";
		};
		2E0107B422499A54004870F7 /* SimpleQuizAppTests */ = {
			isa = PBXNativeTarget;
			buildConfigurationList = 2E0107CC22499A54004870F7 /* Build configuration list for PBXNativeTarget "SimpleQuizAppTests" */;
			buildPhases = (
				2E0107B122499A54004870F7 /* Sources */,
				2E0107B222499A54004870F7 /* Frameworks */,
				2E0107B322499A54004870F7 /* Resources */,
			);
			buildRules = (
			);
			dependencies = (
				2E0107B722499A54004870F7 /* PBXTargetDependency */,
			);
			name = SimpleQuizAppTests;
			productName = SimpleQuizAppTests;
			productReference = 2E0107B522499A54004870F7 /* SimpleQuizAppTests.xctest */;
			productType = "com.apple.product-type.bundle.unit-test";
		};
		2E0107BF22499A54004870F7 /* SimpleQuizAppUITests */ = {
			isa = PBXNativeTarget;
			buildConfigurationList = 2E0107CF22499A54004870F7 /* Build configuration list for PBXNativeTarget "SimpleQuizAppUITests" */;
			buildPhases = (
				2E0107BC22499A54004870F7 /* Sources */,
				2E0107BD22499A54004870F7 /* Frameworks */,
				2E0107BE22499A54004870F7 /* Resources */,
			);
			buildRules = (
			);
			dependencies = (
				2E0107C222499A54004870F7 /* PBXTargetDependency */,
			);
			name = SimpleQuizAppUITests;
			productName = SimpleQuizAppUITests;
			productReference = 2E0107C022499A54004870F7 /* SimpleQuizAppUITests.xctest */;
			productType = "com.apple.product-type.bundle.ui-testing";
		};
/* End PBXNativeTarget section */

/* Begin PBXProject section */
		2E01079922499A52004870F7 /* Project object */ = {
			isa = PBXProject;
			attributes = {
				LastSwiftUpdateCheck = 1010;
				LastUpgradeCheck = 1010;
				ORGANIZATIONNAME = "LIZANDRA ALMEIDA";
				TargetAttributes = {
					2E0107A022499A52004870F7 = {
						CreatedOnToolsVersion = 10.1;
					};
					2E0107B422499A54004870F7 = {
						CreatedOnToolsVersion = 10.1;
						TestTargetID = 2E0107A022499A52004870F7;
					};
					2E0107BF22499A54004870F7 = {
						CreatedOnToolsVersion = 10.1;
						TestTargetID = 2E0107A022499A52004870F7;
					};
				};
			};
			buildConfigurationList = 2E01079C22499A52004870F7 /* Build configuration list for PBXProject "SimpleQuizApp" */;
			compatibilityVersion = "Xcode 9.3";
			developmentRegion = en;
			hasScannedForEncodings = 0;
			knownRegions = (
				en,
				Base,
			);
			mainGroup = 2E01079822499A52004870F7;
			productRefGroup = 2E0107A222499A52004870F7 /* Products */;
			projectDirPath = "";
			projectRoot = "";
			targets = (
				2E0107A022499A52004870F7 /* SimpleQuizApp */,
				2E0107B422499A54004870F7 /* SimpleQuizAppTests */,
				2E0107BF22499A54004870F7 /* SimpleQuizAppUITests */,
			);
		};
/* End PBXProject section */

/* Begin PBXResourcesBuildPhase section */
		2E01079F22499A52004870F7 /* Resources */ = {
			isa = PBXResourcesBuildPhase;
			buildActionMask = 2147483647;
			files = (
				2E0107AF22499A54004870F7 /* LaunchScreen.storyboard in Resources */,
				2E0107AC22499A54004870F7 /* Assets.xcassets in Resources */,
				2E0107AA22499A52004870F7 /* Main.storyboard in Resources */,
			);
			runOnlyForDeploymentPostprocessing = 0;
		};
		2E0107B322499A54004870F7 /* Resources */ = {
			isa = PBXResourcesBuildPhase;
			buildActionMask = 2147483647;
			files = (
			);
			runOnlyForDeploymentPostprocessing = 0;
		};
		2E0107BE22499A54004870F7 /* Resources */ = {
			isa = PBXResourcesBuildPhase;
			buildActionMask = 2147483647;
			files = (
			);
			runOnlyForDeploymentPostprocessing = 0;
		};
/* End PBXResourcesBuildPhase section */

/* Begin PBXSourcesBuildPhase section */
		2E01079D22499A52004870F7 /* Sources */ = {
			isa = PBXSourcesBuildPhase;
			buildActionMask = 2147483647;
			files = (
				2E0107A722499A52004870F7 /* ViewController.swift in Sources */,
				2E0107A522499A52004870F7 /* AppDelegate.swift in Sources */,
				2EA69DD0224DC4B200F5357C /* TwoViewController.swift in Sources */,
			);
			runOnlyForDeploymentPostprocessing = 0;
		};
		2E0107B122499A54004870F7 /* Sources */ = {
			isa = PBXSourcesBuildPhase;
			buildActionMask = 2147483647;
			files = (
				2E0107BA22499A54004870F7 /* SimpleQuizAppTests.swift in Sources */,
			);
			runOnlyForDeploymentPostprocessing = 0;
		};
		2E0107BC22499A54004870F7 /* Sources */ = {
			isa = PBXSourcesBuildPhase;
			buildActionMask = 2147483647;
			files = (
				2E0107C522499A54004870F7 /* SimpleQuizAppUITests.swift in Sources */,
			);
			runOnlyForDeploymentPostprocessing = 0;
		};
/* End PBXSourcesBuildPhase section */

/* Begin PBXTargetDependency section */
		2E0107B722499A54004870F7 /* PBXTargetDependency */ = {
			isa = PBXTargetDependency;
			target = 2E0107A022499A52004870F7 /* SimpleQuizApp */;
			targetProxy = 2E0107B622499A54004870F7 /* PBXContainerItemProxy */;
		};
		2E0107C222499A54004870F7 /* PBXTargetDependency */ = {
			isa = PBXTargetDependency;
			target = 2E0107A022499A52004870F7 /* SimpleQuizApp */;
			targetProxy = 2E0107C122499A54004870F7 /* PBXContainerItemProxy */;
		};
/* End PBXTargetDependency section */

/* Begin PBXVariantGroup section */
		2E0107A822499A52004870F7 /* Main.storyboard */ = {
			isa = PBXVariantGroup;
			children = (
				2E0107A922499A52004870F7 /* Base */,
			);
			name = Main.storyboard;
			sourceTree = "<group>";
		};
		2E0107AD22499A54004870F7 /* LaunchScreen.storyboard */ = {
			isa = PBXVariantGroup;
			children = (
				2E0107AE22499A54004870F7 /* Base */,
			);
			name = LaunchScreen.storyboard;
			sourceTree = "<group>";
		};
/* End PBXVariantGroup section */

/* Begin XCBuildConfiguration section */
		2E0107C722499A54004870F7 /* Debug */ = {
			isa = XCBuildConfiguration;
			buildSettings = {
				ALWAYS_SEARCH_USER_PATHS = NO;
				CLANG_ANALYZER_NONNULL = YES;
				CLANG_ANALYZER_NUMBER_OBJECT_CONVERSION = YES_AGGRESSIVE;
				CLANG_CXX_LANGUAGE_STANDARD = "gnu++14";
				CLANG_CXX_LIBRARY = "libc++";
				CLANG_ENABLE_MODULES = YES;
				CLANG_ENABLE_OBJC_ARC = YES;
				CLANG_ENABLE_OBJC_WEAK = YES;
				CLANG_WARN_BLOCK_CAPTURE_AUTORELEASING = YES;
				CLANG_WARN_BOOL_CONVERSION = YES;
				CLANG_WARN_COMMA = YES;
				CLANG_WARN_CONSTANT_CONVERSION = YES;
				CLANG_WARN_DEPRECATED_OBJC_IMPLEMENTATIONS = YES;
				CLANG_WARN_DIRECT_OBJC_ISA_USAGE = YES_ERROR;
				CLANG_WARN_DOCUMENTATION_COMMENTS = YES;
				CLANG_WARN_EMPTY_BODY = YES;
				CLANG_WARN_ENUM_CONVERSION = YES;
				CLANG_WARN_INFINITE_RECURSION = YES;
				CLANG_WARN_INT_CONVERSION = YES;
				CLANG_WARN_NON_LITERAL_NULL_CONVERSION = YES;
				CLANG_WARN_OBJC_IMPLICIT_RETAIN_SELF = YES;
				CLANG_WARN_OBJC_LITERAL_CONVERSION = YES;
				CLANG_WARN_OBJC_ROOT_CLASS = YES_ERROR;
				CLANG_WARN_RANGE_LOOP_ANALYSIS = YES;
				CLANG_WARN_STRICT_PROTOTYPES = YES;
				CLANG_WARN_SUSPICIOUS_MOVE = YES;
				CLANG_WARN_UNGUARDED_AVAILABILITY = YES_AGGRESSIVE;
				CLANG_WARN_UNREACHABLE_CODE = YES;
				CLANG_WARN__DUPLICATE_METHOD_MATCH = YES;
				CODE_SIGN_IDENTITY = "iPhone Developer";
				COPY_PHASE_STRIP = NO;
				DEBUG_INFORMATION_FORMAT = dwarf;
				ENABLE_STRICT_OBJC_MSGSEND = YES;
				ENABLE_TESTABILITY = YES;
				GCC_C_LANGUAGE_STANDARD = gnu11;
				GCC_DYNAMIC_NO_PIC = NO;
				GCC_NO_COMMON_BLOCKS = YES;
				GCC_OPTIMIZATION_LEVEL = 0;
				GCC_PREPROCESSOR_DEFINITIONS = (
					"DEBUG=1",
					"$(inherited)",
				);
				GCC_WARN_64_TO_32_BIT_CONVERSION = YES;
				GCC_WARN_ABOUT_RETURN_TYPE = YES_ERROR;
				GCC_WARN_UNDECLARED_SELECTOR = YES;
				GCC_WARN_UNINITIALIZED_AUTOS = YES_AGGRESSIVE;
				GCC_WARN_UNUSED_FUNCTION = YES;
				GCC_WARN_UNUSED_VARIABLE = YES;
				IPHONEOS_DEPLOYMENT_TARGET = 12.1;
				MTL_ENABLE_DEBUG_INFO = INCLUDE_SOURCE;
				MTL_FAST_MATH = YES;
				ONLY_ACTIVE_ARCH = YES;
				SDKROOT = iphoneos;
				SWIFT_ACTIVE_COMPILATION_CONDITIONS = DEBUG;
				SWIFT_OPTIMIZATION_LEVEL = "-Onone";
			};
			name = Debug;
		};
		2E0107C822499A54004870F7 /* Release */ = {
			isa = XCBuildConfiguration;
			buildSettings = {
				ALWAYS_SEARCH_USER_PATHS = NO;
				CLANG_ANALYZER_NONNULL = YES;
				CLANG_ANALYZER_NUMBER_OBJECT_CONVERSION = YES_AGGRESSIVE;
				CLANG_CXX_LANGUAGE_STANDARD = "gnu++14";
				CLANG_CXX_LIBRARY = "libc++";
				CLANG_ENABLE_MODULES = YES;
				CLANG_ENABLE_OBJC_ARC = YES;
				CLANG_ENABLE_OBJC_WEAK = YES;
				CLANG_WARN_BLOCK_CAPTURE_AUTORELEASING = YES;
				CLANG_WARN_BOOL_CONVERSION = YES;
				CLANG_WARN_COMMA = YES;
				CLANG_WARN_CONSTANT_CONVERSION = YES;
				CLANG_WARN_DEPRECATED_OBJC_IMPLEMENTATIONS = YES;
				CLANG_WARN_DIRECT_OBJC_ISA_USAGE = YES_ERROR;
				CLANG_WARN_DOCUMENTATION_COMMENTS = YES;
				CLANG_WARN_EMPTY_BODY = YES;
				CLANG_WARN_ENUM_CONVERSION = YES;
				CLANG_WARN_INFINITE_RECURSION = YES;
				CLANG_WARN_INT_CONVERSION = YES;
				CLANG_WARN_NON_LITERAL_NULL_CONVERSION = YES;
				CLANG_WARN_OBJC_IMPLICIT_RETAIN_SELF = YES;
				CLANG_WARN_OBJC_LITERAL_CONVERSION = YES;
				CLANG_WARN_OBJC_ROOT_CLASS = YES_ERROR;
				CLANG_WARN_RANGE_LOOP_ANALYSIS = YES;
				CLANG_WARN_STRICT_PROTOTYPES = YES;
				CLANG_WARN_SUSPICIOUS_MOVE = YES;
				CLANG_WARN_UNGUARDED_AVAILABILITY = YES_AGGRESSIVE;
				CLANG_WARN_UNREACHABLE_CODE = YES;
				CLANG_WARN__DUPLICATE_METHOD_MATCH = YES;
				CODE_SIGN_IDENTITY = "iPhone Developer";
				COPY_PHASE_STRIP = NO;
				DEBUG_INFORMATION_FORMAT = "dwarf-with-dsym";
				ENABLE_NS_ASSERTIONS = NO;
				ENABLE_STRICT_OBJC_MSGSEND = YES;
				GCC_C_LANGUAGE_STANDARD = gnu11;
				GCC_NO_COMMON_BLOCKS = YES;
				GCC_WARN_64_TO_32_BIT_CONVERSION = YES;
				GCC_WARN_ABOUT_RETURN_TYPE = YES_ERROR;
				GCC_WARN_UNDECLARED_SELECTOR = YES;
				GCC_WARN_UNINITIALIZED_AUTOS = YES_AGGRESSIVE;
				GCC_WARN_UNUSED_FUNCTION = YES;
				GCC_WARN_UNUSED_VARIABLE = YES;
				IPHONEOS_DEPLOYMENT_TARGET = 12.1;
				MTL_ENABLE_DEBUG_INFO = NO;
				MTL_FAST_MATH = YES;
				SDKROOT = iphoneos;
				SWIFT_COMPILATION_MODE = wholemodule;
				SWIFT_OPTIMIZATION_LEVEL = "-O";
				VALIDATE_PRODUCT = YES;
			};
			name = Release;
		};
		2E0107CA22499A54004870F7 /* Debug */ = {
			isa = XCBuildConfiguration;
			buildSettings = {
				ASSETCATALOG_COMPILER_APPICON_NAME = AppIcon;
				CODE_SIGN_STYLE = Automatic;
				INFOPLIST_FILE = SimpleQuizApp/Info.plist;
				LD_RUNPATH_SEARCH_PATHS = (
					"$(inherited)",
					"@executable_path/Frameworks",
				);
				PRODUCT_BUNDLE_IDENTIFIER = Swinburne.SimpleQuizApp;
				PRODUCT_NAME = "$(TARGET_NAME)";
				SWIFT_VERSION = 4.2;
				TARGETED_DEVICE_FAMILY = "1,2";
			};
			name = Debug;
		};
		2E0107CB22499A54004870F7 /* Release */ = {
			isa = XCBuildConfiguration;
			buildSettings = {
				ASSETCATALOG_COMPILER_APPICON_NAME = AppIcon;
				CODE_SIGN_STYLE = Automatic;
				INFOPLIST_FILE = SimpleQuizApp/Info.plist;
				LD_RUNPATH_SEARCH_PATHS = (
					"$(inherited)",
					"@executable_path/Frameworks",
				);
				PRODUCT_BUNDLE_IDENTIFIER = Swinburne.SimpleQuizApp;
				PRODUCT_NAME = "$(TARGET_NAME)";
				SWIFT_VERSION = 4.2;
				TARGETED_DEVICE_FAMILY = "1,2";
			};
			name = Release;
		};
		2E0107CD22499A54004870F7 /* Debug */ = {
			isa = XCBuildConfiguration;
			buildSettings = {
				ALWAYS_EMBED_SWIFT_STANDARD_LIBRARIES = YES;
				BUNDLE_LOADER = "$(TEST_HOST)";
				CODE_SIGN_STYLE = Automatic;
				INFOPLIST_FILE = SimpleQuizAppTests/Info.plist;
				LD_RUNPATH_SEARCH_PATHS = (
					"$(inherited)",
					"@executable_path/Frameworks",
					"@loader_path/Frameworks",
				);
				PRODUCT_BUNDLE_IDENTIFIER = Swinburne.SimpleQuizAppTests;
				PRODUCT_NAME = "$(TARGET_NAME)";
				SWIFT_VERSION = 4.2;
				TARGETED_DEVICE_FAMILY = "1,2";
				TEST_HOST = "$(BUILT_PRODUCTS_DIR)/SimpleQuizApp.app/SimpleQuizApp";
			};
			name = Debug;
		};
		2E0107CE22499A54004870F7 /* Release */ = {
			isa = XCBuildConfiguration;
			buildSettings = {
				ALWAYS_EMBED_SWIFT_STANDARD_LIBRARIES = YES;
				BUNDLE_LOADER = "$(TEST_HOST)";
				CODE_SIGN_STYLE = Automatic;
				INFOPLIST_FILE = SimpleQuizAppTests/Info.plist;
				LD_RUNPATH_SEARCH_PATHS = (
					"$(inherited)",
					"@executable_path/Frameworks",
					"@loader_path/Frameworks",
				);
				PRODUCT_BUNDLE_IDENTIFIER = Swinburne.SimpleQuizAppTests;
				PRODUCT_NAME = "$(TARGET_NAME)";
				SWIFT_VERSION = 4.2;
				TARGETED_DEVICE_FAMILY = "1,2";
				TEST_HOST = "$(BUILT_PRODUCTS_DIR)/SimpleQuizApp.app/SimpleQuizApp";
			};
			name = Release;
		};
		2E0107D022499A54004870F7 /* Debug */ = {
			isa = XCBuildConfiguration;
			buildSettings = {
				ALWAYS_EMBED_SWIFT_STANDARD_LIBRARIES = YES;
				CODE_SIGN_STYLE = Automatic;
				INFOPLIST_FILE = SimpleQuizAppUITests/Info.plist;
				LD_RUNPATH_SEARCH_PATHS = (
					"$(inherited)",
					"@executable_path/Frameworks",
					"@loader_path/Frameworks",
				);
				PRODUCT_BUNDLE_IDENTIFIER = Swinburne.SimpleQuizAppUITests;
				PRODUCT_NAME = "$(TARGET_NAME)";
				SWIFT_VERSION = 4.2;
				TARGETED_DEVICE_FAMILY = "1,2";
				TEST_TARGET_NAME = SimpleQuizApp;
			};
			name = Debug;
		};
		2E0107D122499A54004870F7 /* Release */ = {
			isa = XCBuildConfiguration;
			buildSettings = {
				ALWAYS_EMBED_SWIFT_STANDARD_LIBRARIES = YES;
				CODE_SIGN_STYLE = Automatic;
				INFOPLIST_FILE = SimpleQuizAppUITests/Info.plist;
				LD_RUNPATH_SEARCH_PATHS = (
					"$(inherited)",
					"@executable_path/Frameworks",
					"@loader_path/Frameworks",
				);
				PRODUCT_BUNDLE_IDENTIFIER = Swinburne.SimpleQuizAppUITests;
				PRODUCT_NAME = "$(TARGET_NAME)";
				SWIFT_VERSION = 4.2;
				TARGETED_DEVICE_FAMILY = "1,2";
				TEST_TARGET_NAME = SimpleQuizApp;
			};
			name = Release;
		};
/* End XCBuildConfiguration section */

/* Begin XCConfigurationList section */
		2E01079C22499A52004870F7 /* Build configuration list for PBXProject "SimpleQuizApp" */ = {
			isa = XCConfigurationList;
			buildConfigurations = (
				2E0107C722499A54004870F7 /* Debug */,
				2E0107C822499A54004870F7 /* Release */,
			);
			defaultConfigurationIsVisible = 0;
			defaultConfigurationName = Release;
		};
		2E0107C922499A54004870F7 /* Build configuration list for PBXNativeTarget "SimpleQuizApp" */ = {
			isa = XCConfigurationList;
			buildConfigurations = (
				2E0107CA22499A54004870F7 /* Debug */,
				2E0107CB22499A54004870F7 /* Release */,
			);
			defaultConfigurationIsVisible = 0;
			defaultConfigurationName = Release;
		};
		2E0107CC22499A54004870F7 /* Build configuration list for PBXNativeTarget "SimpleQuizAppTests" */ = {
			isa = XCConfigurationList;
			buildConfigurations = (
				2E0107CD22499A54004870F7 /* Debug */,
				2E0107CE22499A54004870F7 /* Release */,
			);
			defaultConfigurationIsVisible = 0;
			defaultConfigurationName = Release;
		};
		2E0107CF22499A54004870F7 /* Build configuration list for PBXNativeTarget "SimpleQuizAppUITests" */ = {
			isa = XCConfigurationList;
			buildConfigurations = (
				2E0107D022499A54004870F7 /* Debug */,
				2E0107D122499A54004870F7 /* Release */,
			);
			defaultConfigurationIsVisible = 0;
			defaultConfigurationName = Release;
		};
/* End XCConfigurationList section */
	};
	rootObject = 2E01079922499A52004870F7 /* Project object */;
}
